// !$*UTF8*$!
{
	archiveVersion = 1;
	classes = {
	};
	objectVersion = 46;
	objects = {

/* Begin PBXBuildFile section */
		4D12DB0D19077BA200B8038A /* Foundation.framework in Frameworks */ = {isa = PBXBuildFile; fileRef = 4D12DB0C19077BA200B8038A /* Foundation.framework */; };
		4D12DB0F19077BA200B8038A /* CoreGraphics.framework in Frameworks */ = {isa = PBXBuildFile; fileRef = 4D12DB0E19077BA200B8038A /* CoreGraphics.framework */; };
		4D12DB1119077BA200B8038A /* UIKit.framework in Frameworks */ = {isa = PBXBuildFile; fileRef = 4D12DB1019077BA200B8038A /* UIKit.framework */; };
		4D12DB1719077BA200B8038A /* InfoPlist.strings in Resources */ = {isa = PBXBuildFile; fileRef = 4D12DB1519077BA200B8038A /* InfoPlist.strings */; };
		4D12DB1919077BA200B8038A /* main.m in Sources */ = {isa = PBXBuildFile; fileRef = 4D12DB1819077BA200B8038A /* main.m */; };
		4D12DB1D19077BA200B8038A /* AppDelegate.m in Sources */ = {isa = PBXBuildFile; fileRef = 4D12DB1C19077BA200B8038A /* AppDelegate.m */; };
		4D12DB2019077BA200B8038A /* Main_iPhone.storyboard in Resources */ = {isa = PBXBuildFile; fileRef = 4D12DB1E19077BA200B8038A /* Main_iPhone.storyboard */; };
		4D12DB2319077BA200B8038A /* Main_iPad.storyboard in Resources */ = {isa = PBXBuildFile; fileRef = 4D12DB2119077BA200B8038A /* Main_iPad.storyboard */; };
		4D12DB2619077BA200B8038A /* ViewController.m in Sources */ = {isa = PBXBuildFile; fileRef = 4D12DB2519077BA200B8038A /* ViewController.m */; };
		4D12DB2819077BA200B8038A /* Images.xcassets in Resources */ = {isa = PBXBuildFile; fileRef = 4D12DB2719077BA200B8038A /* Images.xcassets */; };
		4D12DB2F19077BA200B8038A /* XCTest.framework in Frameworks */ = {isa = PBXBuildFile; fileRef = 4D12DB2E19077BA200B8038A /* XCTest.framework */; };
		4D12DB3019077BA200B8038A /* Foundation.framework in Frameworks */ = {isa = PBXBuildFile; fileRef = 4D12DB0C19077BA200B8038A /* Foundation.framework */; };
		4D12DB3119077BA200B8038A /* UIKit.framework in Frameworks */ = {isa = PBXBuildFile; fileRef = 4D12DB1019077BA200B8038A /* UIKit.framework */; };
		4D12DB3919077BA200B8038A /* InfoPlist.strings in Resources */ = {isa = PBXBuildFile; fileRef = 4D12DB3719077BA200B8038A /* InfoPlist.strings */; };
		4D12DB3B19077BA200B8038A /* GoogleSpeechToTextTests.m in Sources */ = {isa = PBXBuildFile; fileRef = 4D12DB3A19077BA200B8038A /* GoogleSpeechToTextTests.m */; };
/* End PBXBuildFile section */

/* Begin PBXContainerItemProxy section */
		4D12DB3219077BA200B8038A /* PBXContainerItemProxy */ = {
			isa = PBXContainerItemProxy;
			containerPortal = 4D12DB0119077BA200B8038A /* Project object */;
			proxyType = 1;
			remoteGlobalIDString = 4D12DB0819077BA200B8038A;
			remoteInfo = GoogleSpeechToText;
		};
/* End PBXContainerItemProxy section */

/* Begin PBXFileReference section */
		4D12DB0919077BA200B8038A /* GoogleSpeechToText.app */ = {isa = PBXFileReference; explicitFileType = wrapper.application; includeInIndex = 0; path = GoogleSpeechToText.app; sourceTree = BUILT_PRODUCTS_DIR; };
		4D12DB0C19077BA200B8038A /* Foundation.framework */ = {isa = PBXFileReference; lastKnownFileType = wrapper.framework; name = Foundation.framework; path = System/Library/Frameworks/Foundation.framework; sourceTree = SDKROOT; };
		4D12DB0E19077BA200B8038A /* CoreGraphics.framework */ = {isa = PBXFileReference; lastKnownFileType = wrapper.framework; name = CoreGraphics.framework; path = System/Library/Frameworks/CoreGraphics.framework; sourceTree = SDKROOT; };
		4D12DB1019077BA200B8038A /* UIKit.framework */ = {isa = PBXFileReference; lastKnownFileType = wrapper.framework; name = UIKit.framework; path = System/Library/Frameworks/UIKit.framework; sourceTree = SDKROOT; };
		4D12DB1419077BA200B8038A /* GoogleSpeechToText-Info.plist */ = {isa = PBXFileReference; lastKnownFileType = text.plist.xml; path = "GoogleSpeechToText-Info.plist"; sourceTree = "<group>"; };
		4D12DB1619077BA200B8038A /* en */ = {isa = PBXFileReference; lastKnownFileType = text.plist.strings; name = en; path = en.lproj/InfoPlist.strings; sourceTree = "<group>"; };
		4D12DB1819077BA200B8038A /* main.m */ = {isa = PBXFileReference; lastKnownFileType = sourcecode.c.objc; path = main.m; sourceTree = "<group>"; };
		4D12DB1A19077BA200B8038A /* GoogleSpeechToText-Prefix.pch */ = {isa = PBXFileReference; lastKnownFileType = sourcecode.c.h; path = "GoogleSpeechToText-Prefix.pch"; sourceTree = "<group>"; };
		4D12DB1B19077BA200B8038A /* AppDelegate.h */ = {isa = PBXFileReference; lastKnownFileType = sourcecode.c.h; path = AppDelegate.h; sourceTree = "<group>"; };
		4D12DB1C19077BA200B8038A /* AppDelegate.m */ = {isa = PBXFileReference; lastKnownFileType = sourcecode.c.objc; path = AppDelegate.m; sourceTree = "<group>"; };
		4D12DB1F19077BA200B8038A /* Base */ = {isa = PBXFileReference; lastKnownFileType = file.storyboard; name = Base; path = Base.lproj/Main_iPhone.storyboard; sourceTree = "<group>"; };
		4D12DB2219077BA200B8038A /* Base */ = {isa = PBXFileReference; lastKnownFileType = file.storyboard; name = Base; path = Base.lproj/Main_iPad.storyboard; sourceTree = "<group>"; };
		4D12DB2419077BA200B8038A /* ViewController.h */ = {isa = PBXFileReference; lastKnownFileType = sourcecode.c.h; path = ViewController.h; sourceTree = "<group>"; };
		4D12DB2519077BA200B8038A /* ViewController.m */ = {isa = PBXFileReference; lastKnownFileType = sourcecode.c.objc; path = ViewController.m; sourceTree = "<group>"; };
		4D12DB2719077BA200B8038A /* Images.xcassets */ = {isa = PBXFileReference; lastKnownFileType = folder.assetcatalog; path = Images.xcassets; sourceTree = "<group>"; };
		4D12DB2D19077BA200B8038A /* GoogleSpeechToTextTests.xctest */ = {isa = PBXFileReference; explicitFileType = wrapper.cfbundle; includeInIndex = 0; path = GoogleSpeechToTextTests.xctest; sourceTree = BUILT_PRODUCTS_DIR; };
		4D12DB2E19077BA200B8038A /* XCTest.framework */ = {isa = PBXFileReference; lastKnownFileType = wrapper.framework; name = XCTest.framework; path = Library/Frameworks/XCTest.framework; sourceTree = DEVELOPER_DIR; };
		4D12DB3619077BA200B8038A /* GoogleSpeechToTextTests-Info.plist */ = {isa = PBXFileReference; lastKnownFileType = text.plist.xml; path = "GoogleSpeechToTextTests-Info.plist"; sourceTree = "<group>"; };
		4D12DB3819077BA200B8038A /* en */ = {isa = PBXFileReference; lastKnownFileType = text.plist.strings; name = en; path = en.lproj/InfoPlist.strings; sourceTree = "<group>"; };
		4D12DB3A19077BA200B8038A /* GoogleSpeechToTextTests.m */ = {isa = PBXFileReference; lastKnownFileType = sourcecode.c.objc; path = GoogleSpeechToTextTests.m; sourceTree = "<group>"; };
/* End PBXFileReference section */

/* Begin PBXFrameworksBuildPhase section */
		4D12DB0619077BA200B8038A /* Frameworks */ = {
			isa = PBXFrameworksBuildPhase;
			buildActionMask = 2147483647;
			files = (
				4D12DB0F19077BA200B8038A /* CoreGraphics.framework in Frameworks */,
				4D12DB1119077BA200B8038A /* UIKit.framework in Frameworks */,
				4D12DB0D19077BA200B8038A /* Foundation.framework in Frameworks */,
			);
			runOnlyForDeploymentPostprocessing = 0;
		};
		4D12DB2A19077BA200B8038A /* Frameworks */ = {
			isa = PBXFrameworksBuildPhase;
			buildActionMask = 2147483647;
			files = (
				4D12DB2F19077BA200B8038A /* XCTest.framework in Frameworks */,
				4D12DB3119077BA200B8038A /* UIKit.framework in Frameworks */,
				4D12DB3019077BA200B8038A /* Foundation.framework in Frameworks */,
			);
			runOnlyForDeploymentPostprocessing = 0;
		};
/* End PBXFrameworksBuildPhase section */

/* Begin PBXGroup section */
		4D12DB0019077BA200B8038A = {
			isa = PBXGroup;
			children = (
				4D12DB1219077BA200B8038A /* GoogleSpeechToText */,
				4D12DB3419077BA200B8038A /* GoogleSpeechToTextTests */,
				4D12DB0B19077BA200B8038A /* Frameworks */,
				4D12DB0A19077BA200B8038A /* Products */,
			);
			sourceTree = "<group>";
		};
		4D12DB0A19077BA200B8038A /* Products */ = {
			isa = PBXGroup;
			children = (
				4D12DB0919077BA200B8038A /* GoogleSpeechToText.app */,
				4D12DB2D19077BA200B8038A /* GoogleSpeechToTextTests.xctest */,
			);
			name = Products;
			sourceTree = "<group>";
		};
		4D12DB0B19077BA200B8038A /* Frameworks */ = {
			isa = PBXGroup;
			children = (
				4D12DB0C19077BA200B8038A /* Foundation.framework */,
				4D12DB0E19077BA200B8038A /* CoreGraphics.framework */,
				4D12DB1019077BA200B8038A /* UIKit.framework */,
				4D12DB2E19077BA200B8038A /* XCTest.framework */,
			);
			name = Frameworks;
			sourceTree = "<group>";
		};
		4D12DB1219077BA200B8038A /* GoogleSpeechToText */ = {
			isa = PBXGroup;
			children = (
				4D12DB1B19077BA200B8038A /* AppDelegate.h */,
				4D12DB1C19077BA200B8038A /* AppDelegate.m */,
				4D12DB1E19077BA200B8038A /* Main_iPhone.storyboard */,
				4D12DB2119077BA200B8038A /* Main_iPad.storyboard */,
				4D12DB2419077BA200B8038A /* ViewController.h */,
				4D12DB2519077BA200B8038A /* ViewController.m */,
				4D12DB2719077BA200B8038A /* Images.xcassets */,
				4D12DB1319077BA200B8038A /* Supporting Files */,
			);
			path = GoogleSpeechToText;
			sourceTree = "<group>";
		};
		4D12DB1319077BA200B8038A /* Supporting Files */ = {
			isa = PBXGroup;
			children = (
				4D12DB1419077BA200B8038A /* GoogleSpeechToText-Info.plist */,
				4D12DB1519077BA200B8038A /* InfoPlist.strings */,
				4D12DB1819077BA200B8038A /* main.m */,
				4D12DB1A19077BA200B8038A /* GoogleSpeechToText-Prefix.pch */,
			);
			name = "Supporting Files";
			sourceTree = "<group>";
		};
		4D12DB3419077BA200B8038A /* GoogleSpeechToTextTests */ = {
			isa = PBXGroup;
			children = (
				4D12DB3A19077BA200B8038A /* GoogleSpeechToTextTests.m */,
				4D12DB3519077BA200B8038A /* Supporting Files */,
			);
			path = GoogleSpeechToTextTests;
			sourceTree = "<group>";
		};
		4D12DB3519077BA200B8038A /* Supporting Files */ = {
			isa = PBXGroup;
			children = (
				4D12DB3619077BA200B8038A /* GoogleSpeechToTextTests-Info.plist */,
				4D12DB3719077BA200B8038A /* InfoPlist.strings */,
			);
			name = "Supporting Files";
			sourceTree = "<group>";
		};
/* End PBXGroup section */

/* Begin PBXNativeTarget section */
		4D12DB0819077BA200B8038A /* GoogleSpeechToText */ = {
			isa = PBXNativeTarget;
			buildConfigurationList = 4D12DB3E19077BA200B8038A /* Build configuration list for PBXNativeTarget "GoogleSpeechToText" */;
			buildPhases = (
				4D12DB0519077BA200B8038A /* Sources */,
				4D12DB0619077BA200B8038A /* Frameworks */,
				4D12DB0719077BA200B8038A /* Resources */,
			);
			buildRules = (
			);
			dependencies = (
			);
			name = GoogleSpeechToText;
			productName = GoogleSpeechToText;
			productReference = 4D12DB0919077BA200B8038A /* GoogleSpeechToText.app */;
			productType = "com.apple.product-type.application";
		};
		4D12DB2C19077BA200B8038A /* GoogleSpeechToTextTests */ = {
			isa = PBXNativeTarget;
			buildConfigurationList = 4D12DB4119077BA200B8038A /* Build configuration list for PBXNativeTarget "GoogleSpeechToTextTests" */;
			buildPhases = (
				4D12DB2919077BA200B8038A /* Sources */,
				4D12DB2A19077BA200B8038A /* Frameworks */,
				4D12DB2B19077BA200B8038A /* Resources */,
			);
			buildRules = (
			);
			dependencies = (
				4D12DB3319077BA200B8038A /* PBXTargetDependency */,
			);
			name = GoogleSpeechToTextTests;
			productName = GoogleSpeechToTextTests;
			productReference = 4D12DB2D19077BA200B8038A /* GoogleSpeechToTextTests.xctest */;
			productType = "com.apple.product-type.bundle.unit-test";
		};
/* End PBXNativeTarget section */

/* Begin PBXProject section */
		4D12DB0119077BA200B8038A /* Project object */ = {
			isa = PBXProject;
			attributes = {
				LastUpgradeCheck = 0510;
				ORGANIZATIONNAME = "___FULLUSERNAME___";
				TargetAttributes = {
					4D12DB2C19077BA200B8038A = {
						TestTargetID = 4D12DB0819077BA200B8038A;
					};
				};
			};
			buildConfigurationList = 4D12DB0419077BA200B8038A /* Build configuration list for PBXProject "GoogleSpeechToText" */;
			compatibilityVersion = "Xcode 3.2";
			developmentRegion = English;
			hasScannedForEncodings = 0;
			knownRegions = (
				en,
				Base,
			);
			mainGroup = 4D12DB0019077BA200B8038A;
			productRefGroup = 4D12DB0A19077BA200B8038A /* Products */;
			projectDirPath = "";
			projectRoot = "";
			targets = (
				4D12DB0819077BA200B8038A /* GoogleSpeechToText */,
				4D12DB2C19077BA200B8038A /* GoogleSpeechToTextTests */,
			);
		};
/* End PBXProject section */

/* Begin PBXResourcesBuildPhase section */
		4D12DB0719077BA200B8038A /* Resources */ = {
			isa = PBXResourcesBuildPhase;
			buildActionMask = 2147483647;
			files = (
				4D12DB2319077BA200B8038A /* Main_iPad.storyboard in Resources */,
				4D12DB2819077BA200B8038A /* Images.xcassets in Resources */,
				4D12DB2019077BA200B8038A /* Main_iPhone.storyboard in Resources */,
				4D12DB1719077BA200B8038A /* InfoPlist.strings in Resources */,
			);
			runOnlyForDeploymentPostprocessing = 0;
		};
		4D12DB2B19077BA200B8038A /* Resources */ = {
			isa = PBXResourcesBuildPhase;
			buildActionMask = 2147483647;
			files = (
				4D12DB3919077BA200B8038A /* InfoPlist.strings in Resources */,
			);
			runOnlyForDeploymentPostprocessing = 0;
		};
/* End PBXResourcesBuildPhase section */

/* Begin PBXSourcesBuildPhase section */
		4D12DB0519077BA200B8038A /* Sources */ = {
			isa = PBXSourcesBuildPhase;
			buildActionMask = 2147483647;
			files = (
				4D12DB2619077BA200B8038A /* ViewController.m in Sources */,
				4D12DB1D19077BA200B8038A /* AppDelegate.m in Sources */,
				4D12DB1919077BA200B8038A /* main.m in Sources */,
			);
			runOnlyForDeploymentPostprocessing = 0;
		};
		4D12DB2919077BA200B8038A /* Sources */ = {
			isa = PBXSourcesBuildPhase;
			buildActionMask = 2147483647;
			files = (
				4D12DB3B19077BA200B8038A /* GoogleSpeechToTextTests.m in Sources */,
			);
			runOnlyForDeploymentPostprocessing = 0;
		};
/* End PBXSourcesBuildPhase section */

/* Begin PBXTargetDependency section */
		4D12DB3319077BA200B8038A /* PBXTargetDependency */ = {
			isa = PBXTargetDependency;
			target = 4D12DB0819077BA200B8038A /* GoogleSpeechToText */;
			targetProxy = 4D12DB3219077BA200B8038A /* PBXContainerItemProxy */;
		};
/* End PBXTargetDependency section */

/* Begin PBXVariantGroup section */
		4D12DB1519077BA200B8038A /* InfoPlist.strings */ = {
			isa = PBXVariantGroup;
			children = (
				4D12DB1619077BA200B8038A /* en */,
			);
			name = InfoPlist.strings;
			sourceTree = "<group>";
		};
		4D12DB1E19077BA200B8038A /* Main_iPhone.storyboard */ = {
			isa = PBXVariantGroup;
			children = (
				4D12DB1F19077BA200B8038A /* Base */,
			);
			name = Main_iPhone.storyboard;
			sourceTree = "<group>";
		};
		4D12DB2119077BA200B8038A /* Main_iPad.storyboard */ = {
			isa = PBXVariantGroup;
			children = (
				4D12DB2219077BA200B8038A /* Base */,
			);
			name = Main_iPad.storyboard;
			sourceTree = "<group>";
		};
		4D12DB3719077BA200B8038A /* InfoPlist.strings */ = {
			isa = PBXVariantGroup;
			children = (
				4D12DB3819077BA200B8038A /* en */,
			);
			name = InfoPlist.strings;
			sourceTree = "<group>";
		};
/* End PBXVariantGroup section */

/* Begin XCBuildConfiguration section */
		4D12DB3C19077BA200B8038A /* Debug */ = {
			isa = XCBuildConfiguration;
			buildSettings = {
				ALWAYS_SEARCH_USER_PATHS = NO;
				CLANG_CXX_LANGUAGE_STANDARD = "gnu++0x";
				CLANG_CXX_LIBRARY = "libc++";
				CLANG_ENABLE_MODULES = YES;
				CLANG_ENABLE_OBJC_ARC = YES;
				CLANG_WARN_BOOL_CONVERSION = YES;
				CLANG_WARN_CONSTANT_CONVERSION = YES;
				CLANG_WARN_DIRECT_OBJC_ISA_USAGE = YES_ERROR;
				CLANG_WARN_EMPTY_BODY = YES;
				CLANG_WARN_ENUM_CONVERSION = YES;
				CLANG_WARN_INT_CONVERSION = YES;
				CLANG_WARN_OBJC_ROOT_CLASS = YES_ERROR;
				CLANG_WARN__DUPLICATE_METHOD_MATCH = YES;
				"CODE_SIGN_IDENTITY[sdk=iphoneos*]" = "iPhone Developer";
				COPY_PHASE_STRIP = NO;
				GCC_C_LANGUAGE_STANDARD = gnu99;
				GCC_DYNAMIC_NO_PIC = NO;
				GCC_OPTIMIZATION_LEVEL = 0;
				GCC_PREPROCESSOR_DEFINITIONS = (
					"DEBUG=1",
					"$(inherited)",
				);
				GCC_SYMBOLS_PRIVATE_EXTERN = NO;
				GCC_WARN_64_TO_32_BIT_CONVERSION = YES;
				GCC_WARN_ABOUT_RETURN_TYPE = YES_ERROR;
				GCC_WARN_UNDECLARED_SELECTOR = YES;
				GCC_WARN_UNINITIALIZED_AUTOS = YES_AGGRESSIVE;
				GCC_WARN_UNUSED_FUNCTION = YES;
				GCC_WARN_UNUSED_VARIABLE = YES;
				IPHONEOS_DEPLOYMENT_TARGET = 7.1;
				ONLY_ACTIVE_ARCH = YES;
				SDKROOT = iphoneos;
				TARGETED_DEVICE_FAMILY = "1,2";
			};
			name = Debug;
		};
		4D12DB3D19077BA200B8038A /* Release */ = {
			isa = XCBuildConfiguration;
			buildSettings = {
				ALWAYS_SEARCH_USER_PATHS = NO;
				CLANG_CXX_LANGUAGE_STANDARD = "gnu++0x";
				CLANG_CXX_LIBRARY = "libc++";
				CLANG_ENABLE_MODULES = YES;
				CLANG_ENABLE_OBJC_ARC = YES;
				CLANG_WARN_BOOL_CONVERSION = YES;
				CLANG_WARN_CONSTANT_CONVERSION = YES;
				CLANG_WARN_DIRECT_OBJC_ISA_USAGE = YES_ERROR;
				CLANG_WARN_EMPTY_BODY = YES;
				CLANG_WARN_ENUM_CONVERSION = YES;
				CLANG_WARN_INT_CONVERSION = YES;
				CLANG_WARN_OBJC_ROOT_CLASS = YES_ERROR;
				CLANG_WARN__DUPLICATE_METHOD_MATCH = YES;
				"CODE_SIGN_IDENTITY[sdk=iphoneos*]" = "iPhone Developer";
				COPY_PHASE_STRIP = YES;
				ENABLE_NS_ASSERTIONS = NO;
				GCC_C_LANGUAGE_STANDARD = gnu99;
				GCC_WARN_64_TO_32_BIT_CONVERSION = YES;
				GCC_WARN_ABOUT_RETURN_TYPE = YES_ERROR;
				GCC_WARN_UNDECLARED_SELECTOR = YES;
				GCC_WARN_UNINITIALIZED_AUTOS = YES_AGGRESSIVE;
				GCC_WARN_UNUSED_FUNCTION = YES;
				GCC_WARN_UNUSED_VARIABLE = YES;
				IPHONEOS_DEPLOYMENT_TARGET = 7.1;
				SDKROOT = iphoneos;
				TARGETED_DEVICE_FAMILY = "1,2";
				VALIDATE_PRODUCT = YES;
			};
			name = Release;
		};
		4D12DB3F19077BA200B8038A /* Debug */ = {
			isa = XCBuildConfiguration;
			buildSettings = {
				ASSETCATALOG_COMPILER_APPICON_NAME = AppIcon;
				ASSETCATALOG_COMPILER_LAUNCHIMAGE_NAME = LaunchImage;
				GCC_PRECOMPILE_PREFIX_HEADER = YES;
				GCC_PREFIX_HEADER = "GoogleSpeechToText/GoogleSpeechToText-Prefix.pch";
				INFOPLIST_FILE = "GoogleSpeechToText/GoogleSpeechToText-Info.plist";
				PRODUCT_NAME = "$(TARGET_NAME)";
				WRAPPER_EXTENSION = app;
			};
			name = Debug;
		};
		4D12DB4019077BA200B8038A /* Release */ = {
			isa = XCBuildConfiguration;
			buildSettings = {
				ASSETCATALOG_COMPILER_APPICON_NAME = AppIcon;
				ASSETCATALOG_COMPILER_LAUNCHIMAGE_NAME = LaunchImage;
				GCC_PRECOMPILE_PREFIX_HEADER = YES;
				GCC_PREFIX_HEADER = "GoogleSpeechToText/GoogleSpeechToText-Prefix.pch";
				INFOPLIST_FILE = "GoogleSpeechToText/GoogleSpeechToText-Info.plist";
				PRODUCT_NAME = "$(TARGET_NAME)";
				WRAPPER_EXTENSION = app;
			};
			name = Release;
		};
		4D12DB4219077BA200B8038A /* Debug */ = {
			isa = XCBuildConfiguration;
			buildSettings = {
				BUNDLE_LOADER = "$(BUILT_PRODUCTS_DIR)/GoogleSpeechToText.app/GoogleSpeechToText";
				FRAMEWORK_SEARCH_PATHS = (
					"$(SDKROOT)/Developer/Library/Frameworks",
					"$(inherited)",
					"$(DEVELOPER_FRAMEWORKS_DIR)",
				);
				GCC_PRECOMPILE_PREFIX_HEADER = YES;
				GCC_PREFIX_HEADER = "GoogleSpeechToText/GoogleSpeechToText-Prefix.pch";
				GCC_PREPROCESSOR_DEFINITIONS = (
					"DEBUG=1",
					"$(inherited)",
				);
				INFOPLIST_FILE = "GoogleSpeechToTextTests/GoogleSpeechToTextTests-Info.plist";
				PRODUCT_NAME = "$(TARGET_NAME)";
				TEST_HOST = "$(BUNDLE_LOADER)";
				WRAPPER_EXTENSION = xctest;
			};
			name = Debug;
		};
		4D12DB4319077BA200B8038A /* Release */ = {
			isa = XCBuildConfiguration;
			buildSettings = {
				BUNDLE_LOADER = "$(BUILT_PRODUCTS_DIR)/GoogleSpeechToText.app/GoogleSpeechToText";
				FRAMEWORK_SEARCH_PATHS = (
					"$(SDKROOT)/Developer/Library/Frameworks",
					"$(inherited)",
					"$(DEVELOPER_FRAMEWORKS_DIR)",
				);
				GCC_PRECOMPILE_PREFIX_HEADER = YES;
				GCC_PREFIX_HEADER = "GoogleSpeechToText/GoogleSpeechToText-Prefix.pch";
				INFOPLIST_FILE = "GoogleSpeechToTextTests/GoogleSpeechToTextTests-Info.plist";
				PRODUCT_NAME = "$(TARGET_NAME)";
				TEST_HOST = "$(BUNDLE_LOADER)";
				WRAPPER_EXTENSION = xctest;
			};
			name = Release;
		};
/* End XCBuildConfiguration section */

/* Begin XCConfigurationList section */
		4D12DB0419077BA200B8038A /* Build configuration list for PBXProject "GoogleSpeechToText" */ = {
			isa = XCConfigurationList;
			buildConfigurations = (
				4D12DB3C19077BA200B8038A /* Debug */,
				4D12DB3D19077BA200B8038A /* Release */,
			);
			defaultConfigurationIsVisible = 0;
			defaultConfigurationName = Release;
		};
		4D12DB3E19077BA200B8038A /* Build configuration list for PBXNativeTarget "GoogleSpeechToText" */ = {
			isa = XCConfigurationList;
			buildConfigurations = (
				4D12DB3F19077BA200B8038A /* Debug */,
				4D12DB4019077BA200B8038A /* Release */,
			);
			defaultConfigurationIsVisible = 0;
		};
		4D12DB4119077BA200B8038A /* Build configuration list for PBXNativeTarget "GoogleSpeechToTextTests" */ = {
			isa = XCConfigurationList;
			buildConfigurations = (
				4D12DB4219077BA200B8038A /* Debug */,
				4D12DB4319077BA200B8038A /* Release */,
			);
			defaultConfigurationIsVisible = 0;
		};
/* End XCConfigurationList section */
	};
	rootObject = 4D12DB0119077BA200B8038A /* Project object */;
}
